
Microsoft Visual Studio Solution File, Format Version 12.00
Project("{FAE04EC0-301F-11D3-BF4B-00C04F79EFBC}") = "NpgsqlWithOwnedEntities", "NpgsqlWithOwnedEntities\NpgsqlWithOwnedEntities.csproj", "{599998B8-BCF6-42ED-BC6F-4FCCFE144400}"
EndProject
Project("{FAE04EC0-301F-11D3-BF4B-00C04F79EFBC}") = "NpgsqlWithOwnedEntities.Tests", "NpgsqlWithOwnedEntities.Tests\NpgsqlWithOwnedEntities.Tests.csproj", "{54ECDEF0-E4E5-412C-B38F-F880DDED0B2D}"
EndProject
Global
	GlobalSection(SolutionConfigurationPlatforms) = preSolution
		Debug|Any CPU = Debug|Any CPU
		Release|Any CPU = Release|Any CPU
	EndGlobalSection
	GlobalSection(ProjectConfigurationPlatforms) = postSolution
		{599998B8-BCF6-42ED-BC6F-4FCCFE144400}.Debug|Any CPU.ActiveCfg = Debug|Any CPU
		{599998B8-BCF6-42ED-BC6F-4FCCFE144400}.Debug|Any CPU.Build.0 = Debug|Any CPU
		{599998B8-BCF6-42ED-BC6F-4FCCFE144400}.Release|Any CPU.ActiveCfg = Release|Any CPU
		{599998B8-BCF6-42ED-BC6F-4FCCFE144400}.Release|Any CPU.Build.0 = Release|Any CPU
		{54ECDEF0-E4E5-412C-B38F-F880DDED0B2D}.Debug|Any CPU.ActiveCfg = Debug|Any CPU
		{54ECDEF0-E4E5-412C-B38F-F880DDED0B2D}.Debug|Any CPU.Build.0 = Debug|Any CPU
		{54ECDEF0-E4E5-412C-B38F-F880DDED0B2D}.Release|Any CPU.ActiveCfg = Release|Any CPU
		{54ECDEF0-E4E5-412C-B38F-F880DDED0B2D}.Release|Any CPU.Build.0 = Release|Any CPU
	EndGlobalSection
EndGlobal
